
Microsoft Visual Studio Solution File, Format Version 12.00
# Visual Studio 15
VisualStudioVersion = 15.0.27703.2018
MinimumVisualStudioVersion = 10.0.40219.1
Project("{2150E333-8FDC-42A3-9474-1A3956D46DE8}") = "Tools", "Tools", "{7E8682B7-C4B6-47E1-8BB3-AAC977202C94}"
	ProjectSection(SolutionItems) = preProject
		Tools\ildasm.exe = Tools\ildasm.exe
	EndProjectSection
EndProject
Project("{9A19103F-16F7-4668-BE54-9A1E7A4F7556}") = "AssemblyHasher.Core", "AssemblyHasher.Core\AssemblyHasher.Core.csproj", "{1937EFBC-F4CB-4369-8F0C-0DE59F1BBFDA}"
EndProject
Project("{FAE04EC0-301F-11D3-BF4B-00C04F79EFBC}") = "AssemblyHasher.Console", "AssemblyHasher.Console\AssemblyHasher.Console.csproj", "{13D6E963-3622-4173-87C7-C0BACA60C20C}"
EndProject
Global
	GlobalSection(SolutionConfigurationPlatforms) = preSolution
		Debug|Any CPU = Debug|Any CPU
		Release|Any CPU = Release|Any CPU
	EndGlobalSection
	GlobalSection(ProjectConfigurationPlatforms) = postSolution
		{1937EFBC-F4CB-4369-8F0C-0DE59F1BBFDA}.Debug|Any CPU.ActiveCfg = Debug|Any CPU
		{1937EFBC-F4CB-4369-8F0C-0DE59F1BBFDA}.Debug|Any CPU.Build.0 = Debug|Any CPU
		{1937EFBC-F4CB-4369-8F0C-0DE59F1BBFDA}.Release|Any CPU.ActiveCfg = Release|Any CPU
		{1937EFBC-F4CB-4369-8F0C-0DE59F1BBFDA}.Release|Any CPU.Build.0 = Release|Any CPU
		{13D6E963-3622-4173-87C7-C0BACA60C20C}.Debug|Any CPU.ActiveCfg = Debug|Any CPU
		{13D6E963-3622-4173-87C7-C0BACA60C20C}.Debug|Any CPU.Build.0 = Debug|Any CPU
		{13D6E963-3622-4173-87C7-C0BACA60C20C}.Release|Any CPU.ActiveCfg = Release|Any CPU
		{13D6E963-3622-4173-87C7-C0BACA60C20C}.Release|Any CPU.Build.0 = Release|Any CPU
	EndGlobalSection
	GlobalSection(SolutionProperties) = preSolution
		HideSolutionNode = FALSE
	EndGlobalSection
	GlobalSection(ExtensibilityGlobals) = postSolution
		SolutionGuid = {8D9B3A82-B3BB-4D5E-A2ED-90212050D7A9}
	EndGlobalSection
EndGlobal
